
Microsoft Visual Studio Solution File, Format Version 12.00
# Visual Studio Version 17
VisualStudioVersion = 17.0.31903.59
MinimumVisualStudioVersion = 10.0.40219.1
Project("{2150E333-8FDC-42A3-9474-1A3956D46DE8}") = "src", "src", "{39910B1B-DFF5-49A6-BB2D-93BFE7F8F520}"
EndProject
Project("{FAE04EC0-301F-11D3-BF4B-00C04F79EFBC}") = "AuctionService", "src\AuctionService\AuctionService.csproj", "{79D4EA9C-F0A7-446C-AFF5-3717355D964A}"
EndProject
Project("{FAE04EC0-301F-11D3-BF4B-00C04F79EFBC}") = "SearchService", "src\SearchService\SearchService.csproj", "{D9E7878D-48DD-4457-9614-D362E8835D7A}"
EndProject
Project("{FAE04EC0-301F-11D3-BF4B-00C04F79EFBC}") = "Contracts", "src\Contracts\Contracts.csproj", "{4F10126B-25FC-4D60-9828-F155214CBA84}"
EndProject
Global
	GlobalSection(SolutionConfigurationPlatforms) = preSolution
		Debug|Any CPU = Debug|Any CPU
		Release|Any CPU = Release|Any CPU
	EndGlobalSection
	GlobalSection(SolutionProperties) = preSolution
		HideSolutionNode = FALSE
	EndGlobalSection
	GlobalSection(ProjectConfigurationPlatforms) = postSolution
		{79D4EA9C-F0A7-446C-AFF5-3717355D964A}.Debug|Any CPU.ActiveCfg = Debug|Any CPU
		{79D4EA9C-F0A7-446C-AFF5-3717355D964A}.Debug|Any CPU.Build.0 = Debug|Any CPU
		{79D4EA9C-F0A7-446C-AFF5-3717355D964A}.Release|Any CPU.ActiveCfg = Release|Any CPU
		{79D4EA9C-F0A7-446C-AFF5-3717355D964A}.Release|Any CPU.Build.0 = Release|Any CPU
		{D9E7878D-48DD-4457-9614-D362E8835D7A}.Debug|Any CPU.ActiveCfg = Debug|Any CPU
		{D9E7878D-48DD-4457-9614-D362E8835D7A}.Debug|Any CPU.Build.0 = Debug|Any CPU
		{D9E7878D-48DD-4457-9614-D362E8835D7A}.Release|Any CPU.ActiveCfg = Release|Any CPU
		{D9E7878D-48DD-4457-9614-D362E8835D7A}.Release|Any CPU.Build.0 = Release|Any CPU
		{4F10126B-25FC-4D60-9828-F155214CBA84}.Debug|Any CPU.ActiveCfg = Debug|Any CPU
		{4F10126B-25FC-4D60-9828-F155214CBA84}.Debug|Any CPU.Build.0 = Debug|Any CPU
		{4F10126B-25FC-4D60-9828-F155214CBA84}.Release|Any CPU.ActiveCfg = Release|Any CPU
		{4F10126B-25FC-4D60-9828-F155214CBA84}.Release|Any CPU.Build.0 = Release|Any CPU
	EndGlobalSection
	GlobalSection(NestedProjects) = preSolution
		{79D4EA9C-F0A7-446C-AFF5-3717355D964A} = {39910B1B-DFF5-49A6-BB2D-93BFE7F8F520}
		{D9E7878D-48DD-4457-9614-D362E8835D7A} = {39910B1B-DFF5-49A6-BB2D-93BFE7F8F520}
		{4F10126B-25FC-4D60-9828-F155214CBA84} = {39910B1B-DFF5-49A6-BB2D-93BFE7F8F520}
	EndGlobalSection
EndGlobal
